
Microsoft Visual Studio Solution File, Format Version 12.00
# Visual Studio 15
VisualStudioVersion = 15.0.27428.2037
MinimumVisualStudioVersion = 10.0.40219.1
Project("{FAE04EC0-301F-11D3-BF4B-00C04F79EFBC}") = "WeatherApp", "WeatherApp\WeatherApp.csproj", "{C8114D5E-57E7-4E14-B78E-A433BCB86F32}"
EndProject
Global
	GlobalSection(SolutionConfigurationPlatforms) = preSolution
		Debug|Any CPU = Debug|Any CPU
		Release|Any CPU = Release|Any CPU
	EndGlobalSection
	GlobalSection(ProjectConfigurationPlatforms) = postSolution
		{C8114D5E-57E7-4E14-B78E-A433BCB86F32}.Debug|Any CPU.ActiveCfg = Debug|Any CPU
		{C8114D5E-57E7-4E14-B78E-A433BCB86F32}.Debug|Any CPU.Build.0 = Debug|Any CPU
		{C8114D5E-57E7-4E14-B78E-A433BCB86F32}.Release|Any CPU.ActiveCfg = Release|Any CPU
		{C8114D5E-57E7-4E14-B78E-A433BCB86F32}.Release|Any CPU.Build.0 = Release|Any CPU
	EndGlobalSection
	GlobalSection(SolutionProperties) = preSolution
		HideSolutionNode = FALSE
	EndGlobalSection
	GlobalSection(ExtensibilityGlobals) = postSolution
		SolutionGuid = {02260878-B68C-43CD-83D8-934C17658458}
	EndGlobalSection
EndGlobal
